
Microsoft Visual Studio Solution File, Format Version 12.00
# Visual Studio Version 18
VisualStudioVersion = 18.5.11716.220
MinimumVisualStudioVersion = 10.0.40219.1
Project("{FAE04EC0-301F-11D3-BF4B-00C04F79EFBC}") = "Astronomy.Core", "Astronomy.Core\Astronomy.Core.csproj", "{B7F2A9D4-3C18-4E5F-9A2B-6D8F1C3E7A52}"
EndProject
Project("{FAE04EC0-301F-11D3-BF4B-00C04F79EFBC}") = "Astronomy.Core.Tests", "Astronomy.Core.Tests\Astronomy.Core.Tests.csproj", "{5C26A244-9F4F-4836-BECC-B591469E3190}"
EndProject
Project("{8BC9CEB8-8B4A-11D0-8D11-00A0C91BC942}") = "Astronomy.PCL.Native", "Astronomy.PCL.Native\Astronomy.PCL.Native.vcxproj", "{D29B5C8F-3A92-4E7B-A8F3-1B2C9D4E5F60}"
EndProject
Project("{FAE04EC0-301F-11D3-BF4B-00C04F79EFBC}") = "Astronomy.PCL", "Astronomy.PCL\Astronomy.PCL.csproj", "{E1F0A847-9D31-4F26-B5C7-8E2D6A3F1B04}"
EndProject
Project("{FAE04EC0-301F-11D3-BF4B-00C04F79EFBC}") = "Astronomy.XISF", "Astronomy.XISF\Astronomy.XISF.csproj", "{4E8A3B91-6C72-4D85-9B14-7F3D8E6C2A91}"
EndProject
Project("{FAE04EC0-301F-11D3-BF4B-00C04F79EFBC}") = "Astronomy.XISF.Tests", "Astronomy.XISF.Tests\Astronomy.XISF.Tests.csproj", "{8D7C5F2B-93A4-4E61-B287-1C5F9D4A6E73}"
EndProject
Project("{FAE04EC0-301F-11D3-BF4B-00C04F79EFBC}") = "Astronomy.NINA", "Astronomy.NINA\Astronomy.NINA.csproj", "{C2A5D8E3-7F84-4B92-9D16-3E5A8C9B2D14}"
EndProject
Project("{FAE04EC0-301F-11D3-BF4B-00C04F79EFBC}") = "Astronomy.NINA.Tests", "Astronomy.NINA.Tests\Astronomy.NINA.Tests.csproj", "{D3B6F9A4-8C25-4F73-A04E-2F1D9B5E7C83}"
EndProject
Project("{2150E333-8FDC-42A3-9474-1A3956D46DE8}") = "PCL", "PCL", "{B0E0C501-00B0-4F1C-A0E0-7A1FBFCE0FED}"
EndProject
Project("{8BC9CEB8-8B4A-11D0-8D11-00A0C91BC942}") = "PCL", "PCL\src\pcl\windows\vc18\PCL.vcxproj", "{3B95ABF0-51BB-468F-99AB-B22F6E2371EC}"
EndProject
Project("{8BC9CEB8-8B4A-11D0-8D11-00A0C91BC942}") = "cminpack", "PCL\src\3rdparty\cminpack\windows\vc17\cminpack.vcxproj", "{B80FBEAB-3267-44BD-97C5-2D8E2FC395DE}"
EndProject
Project("{8BC9CEB8-8B4A-11D0-8D11-00A0C91BC942}") = "lcms", "PCL\src\3rdparty\lcms\windows\vc17\lcms.vcxproj", "{15461F4E-7AD5-4D5F-B171-869CA4F8FE67}"
EndProject
Project("{8BC9CEB8-8B4A-11D0-8D11-00A0C91BC942}") = "lz4", "PCL\src\3rdparty\lz4\windows\vc17\lz4.vcxproj", "{577E520D-5BA2-4DF5-9365-B8A5E5483E79}"
EndProject
Project("{8BC9CEB8-8B4A-11D0-8D11-00A0C91BC942}") = "RFC6234", "PCL\src\3rdparty\RFC6234\windows\vc17\RFC6234.vcxproj", "{58108755-3C67-4DA4-9A0F-B6F076A4F714}"
EndProject
Project("{8BC9CEB8-8B4A-11D0-8D11-00A0C91BC942}") = "zlib", "PCL\src\3rdparty\zlib\windows\vc17\zlib.vcxproj", "{0FC70B79-74DE-422B-99E1-43C8684E700C}"
EndProject
Project("{8BC9CEB8-8B4A-11D0-8D11-00A0C91BC942}") = "zstd", "PCL\src\3rdparty\zstd\windows\vc17\zstd.vcxproj", "{352F94DD-9680-42C8-B4CB-F9577F1FF13B}"
EndProject
Project("{8BC9CEB8-8B4A-11D0-8D11-00A0C91BC942}") = "xisf", "PCL\src\utils\xisf\xisf.vcxproj", "{FB83C9D0-EB83-70C1-D7CE-6DD1B32F3F51}"
EndProject
Project("{FAE04EC0-301F-11D3-BF4B-00C04F79EFBC}") = "Astronomy.Catalog", "Astronomy.Catalog\Astronomy.Catalog.csproj", "{A1C2E3F4-5B6D-4789-A0B1-C2D3E4F5A6B7}"
EndProject
Project("{FAE04EC0-301F-11D3-BF4B-00C04F79EFBC}") = "Astronomy.Catalog.Tests", "Astronomy.Catalog.Tests\Astronomy.Catalog.Tests.csproj", "{B2D3F4A5-6C7E-4890-B1C2-D3E4F5A6B7C8}"
EndProject
Project("{FAE04EC0-301F-11D3-BF4B-00C04F79EFBC}") = "Astronomy.Diagnostics", "Astronomy.Diagnostics\Astronomy.Diagnostics.csproj", "{0B034959-C5DD-450D-BB83-E4655818EBD1}"
EndProject
Project("{FAE04EC0-301F-11D3-BF4B-00C04F79EFBC}") = "Astronomy.Core.Benchmarks", "Astronomy.Core.Benchmarks\Astronomy.Core.Benchmarks.csproj", "{193516D4-13DA-4638-8084-7E1CC5EAF89D}"
EndProject
Global
	GlobalSection(SolutionConfigurationPlatforms) = preSolution
		Debug|x64 = Debug|x64
		Debug|Any CPU = Debug|Any CPU
		Debug|x86 = Debug|x86
		Release|x64 = Release|x64
		Release|Any CPU = Release|Any CPU
		Release|x86 = Release|x86
	EndGlobalSection
	GlobalSection(ProjectConfigurationPlatforms) = postSolution
		{B7F2A9D4-3C18-4E5F-9A2B-6D8F1C3E7A52}.Debug|x64.ActiveCfg = Debug|x64
		{B7F2A9D4-3C18-4E5F-9A2B-6D8F1C3E7A52}.Debug|x64.Build.0 = Debug|x64
		{B7F2A9D4-3C18-4E5F-9A2B-6D8F1C3E7A52}.Debug|Any CPU.ActiveCfg = Debug|Any CPU
		{B7F2A9D4-3C18-4E5F-9A2B-6D8F1C3E7A52}.Debug|Any CPU.Build.0 = Debug|Any CPU
		{B7F2A9D4-3C18-4E5F-9A2B-6D8F1C3E7A52}.Debug|x86.ActiveCfg = Debug|Any CPU
		{B7F2A9D4-3C18-4E5F-9A2B-6D8F1C3E7A52}.Debug|x86.Build.0 = Debug|Any CPU
		{B7F2A9D4-3C18-4E5F-9A2B-6D8F1C3E7A52}.Release|x64.ActiveCfg = Release|x64
		{B7F2A9D4-3C18-4E5F-9A2B-6D8F1C3E7A52}.Release|x64.Build.0 = Release|x64
		{B7F2A9D4-3C18-4E5F-9A2B-6D8F1C3E7A52}.Release|Any CPU.ActiveCfg = Release|Any CPU
		{B7F2A9D4-3C18-4E5F-9A2B-6D8F1C3E7A52}.Release|Any CPU.Build.0 = Release|Any CPU
		{B7F2A9D4-3C18-4E5F-9A2B-6D8F1C3E7A52}.Release|x86.ActiveCfg = Release|Any CPU
		{B7F2A9D4-3C18-4E5F-9A2B-6D8F1C3E7A52}.Release|x86.Build.0 = Release|Any CPU
		{5C26A244-9F4F-4836-BECC-B591469E3190}.Debug|x64.ActiveCfg = Debug|x64
		{5C26A244-9F4F-4836-BECC-B591469E3190}.Debug|x64.Build.0 = Debug|x64
		{5C26A244-9F4F-4836-BECC-B591469E3190}.Debug|Any CPU.ActiveCfg = Debug|Any CPU
		{5C26A244-9F4F-4836-BECC-B591469E3190}.Debug|Any CPU.Build.0 = Debug|Any CPU
		{5C26A244-9F4F-4836-BECC-B591469E3190}.Debug|x86.ActiveCfg = Debug|Any CPU
		{5C26A244-9F4F-4836-BECC-B591469E3190}.Debug|x86.Build.0 = Debug|Any CPU
		{5C26A244-9F4F-4836-BECC-B591469E3190}.Release|x64.ActiveCfg = Release|x64
		{5C26A244-9F4F-4836-BECC-B591469E3190}.Release|x64.Build.0 = Release|x64
		{5C26A244-9F4F-4836-BECC-B591469E3190}.Release|Any CPU.ActiveCfg = Release|Any CPU
		{5C26A244-9F4F-4836-BECC-B591469E3190}.Release|Any CPU.Build.0 = Release|Any CPU
		{5C26A244-9F4F-4836-BECC-B591469E3190}.Release|x86.ActiveCfg = Release|Any CPU
		{5C26A244-9F4F-4836-BECC-B591469E3190}.Release|x86.Build.0 = Release|Any CPU
		{D29B5C8F-3A92-4E7B-A8F3-1B2C9D4E5F60}.Debug|x64.ActiveCfg = Debug|x64
		{D29B5C8F-3A92-4E7B-A8F3-1B2C9D4E5F60}.Debug|x64.Build.0 = Debug|x64
		{D29B5C8F-3A92-4E7B-A8F3-1B2C9D4E5F60}.Debug|Any CPU.ActiveCfg = Debug|x64
		{D29B5C8F-3A92-4E7B-A8F3-1B2C9D4E5F60}.Debug|Any CPU.Build.0 = Debug|x64
		{D29B5C8F-3A92-4E7B-A8F3-1B2C9D4E5F60}.Debug|x86.ActiveCfg = Debug|Win32
		{D29B5C8F-3A92-4E7B-A8F3-1B2C9D4E5F60}.Debug|x86.Build.0 = Debug|Win32
		{D29B5C8F-3A92-4E7B-A8F3-1B2C9D4E5F60}.Release|x64.ActiveCfg = Release|x64
		{D29B5C8F-3A92-4E7B-A8F3-1B2C9D4E5F60}.Release|x64.Build.0 = Release|x64
		{D29B5C8F-3A92-4E7B-A8F3-1B2C9D4E5F60}.Release|Any CPU.ActiveCfg = Release|x64
		{D29B5C8F-3A92-4E7B-A8F3-1B2C9D4E5F60}.Release|Any CPU.Build.0 = Release|x64
		{D29B5C8F-3A92-4E7B-A8F3-1B2C9D4E5F60}.Release|x86.ActiveCfg = Release|Win32
		{D29B5C8F-3A92-4E7B-A8F3-1B2C9D4E5F60}.Release|x86.Build.0 = Release|Win32
		{E1F0A847-9D31-4F26-B5C7-8E2D6A3F1B04}.Debug|x64.ActiveCfg = Debug|x64
		{E1F0A847-9D31-4F26-B5C7-8E2D6A3F1B04}.Debug|x64.Build.0 = Debug|x64
		{E1F0A847-9D31-4F26-B5C7-8E2D6A3F1B04}.Debug|Any CPU.ActiveCfg = Debug|Any CPU
		{E1F0A847-9D31-4F26-B5C7-8E2D6A3F1B04}.Debug|Any CPU.Build.0 = Debug|Any CPU
		{E1F0A847-9D31-4F26-B5C7-8E2D6A3F1B04}.Debug|x86.ActiveCfg = Debug|Any CPU
		{E1F0A847-9D31-4F26-B5C7-8E2D6A3F1B04}.Debug|x86.Build.0 = Debug|Any CPU
		{E1F0A847-9D31-4F26-B5C7-8E2D6A3F1B04}.Release|x64.ActiveCfg = Release|x64
		{E1F0A847-9D31-4F26-B5C7-8E2D6A3F1B04}.Release|x64.Build.0 = Release|x64
		{E1F0A847-9D31-4F26-B5C7-8E2D6A3F1B04}.Release|Any CPU.ActiveCfg = Release|Any CPU
		{E1F0A847-9D31-4F26-B5C7-8E2D6A3F1B04}.Release|Any CPU.Build.0 = Release|Any CPU
		{E1F0A847-9D31-4F26-B5C7-8E2D6A3F1B04}.Release|x86.ActiveCfg = Release|Any CPU
		{E1F0A847-9D31-4F26-B5C7-8E2D6A3F1B04}.Release|x86.Build.0 = Release|Any CPU
		{4E8A3B91-6C72-4D85-9B14-7F3D8E6C2A91}.Debug|x64.ActiveCfg = Debug|x64
		{4E8A3B91-6C72-4D85-9B14-7F3D8E6C2A91}.Debug|x64.Build.0 = Debug|x64
		{4E8A3B91-6C72-4D85-9B14-7F3D8E6C2A91}.Debug|Any CPU.ActiveCfg = Debug|Any CPU
		{4E8A3B91-6C72-4D85-9B14-7F3D8E6C2A91}.Debug|Any CPU.Build.0 = Debug|Any CPU
		{4E8A3B91-6C72-4D85-9B14-7F3D8E6C2A91}.Debug|x86.ActiveCfg = Debug|Any CPU
		{4E8A3B91-6C72-4D85-9B14-7F3D8E6C2A91}.Debug|x86.Build.0 = Debug|Any CPU
		{4E8A3B91-6C72-4D85-9B14-7F3D8E6C2A91}.Release|x64.ActiveCfg = Release|x64
		{4E8A3B91-6C72-4D85-9B14-7F3D8E6C2A91}.Release|x64.Build.0 = Release|x64
		{4E8A3B91-6C72-4D85-9B14-7F3D8E6C2A91}.Release|Any CPU.ActiveCfg = Release|Any CPU
		{4E8A3B91-6C72-4D85-9B14-7F3D8E6C2A91}.Release|Any CPU.Build.0 = Release|Any CPU
		{4E8A3B91-6C72-4D85-9B14-7F3D8E6C2A91}.Release|x86.ActiveCfg = Release|Any CPU
		{4E8A3B91-6C72-4D85-9B14-7F3D8E6C2A91}.Release|x86.Build.0 = Release|Any CPU
		{8D7C5F2B-93A4-4E61-B287-1C5F9D4A6E73}.Debug|x64.ActiveCfg = Debug|x64
		{8D7C5F2B-93A4-4E61-B287-1C5F9D4A6E73}.Debug|x64.Build.0 = Debug|x64
		{8D7C5F2B-93A4-4E61-B287-1C5F9D4A6E73}.Debug|Any CPU.ActiveCfg = Debug|Any CPU
		{8D7C5F2B-93A4-4E61-B287-1C5F9D4A6E73}.Debug|Any CPU.Build.0 = Debug|Any CPU
		{8D7C5F2B-93A4-4E61-B287-1C5F9D4A6E73}.Debug|x86.ActiveCfg = Debug|Any CPU
		{8D7C5F2B-93A4-4E61-B287-1C5F9D4A6E73}.Debug|x86.Build.0 = Debug|Any CPU
		{8D7C5F2B-93A4-4E61-B287-1C5F9D4A6E73}.Release|x64.ActiveCfg = Release|x64
		{8D7C5F2B-93A4-4E61-B287-1C5F9D4A6E73}.Release|x64.Build.0 = Release|x64
		{8D7C5F2B-93A4-4E61-B287-1C5F9D4A6E73}.Release|Any CPU.ActiveCfg = Release|Any CPU
		{8D7C5F2B-93A4-4E61-B287-1C5F9D4A6E73}.Release|Any CPU.Build.0 = Release|Any CPU
		{8D7C5F2B-93A4-4E61-B287-1C5F9D4A6E73}.Release|x86.ActiveCfg = Release|Any CPU
		{8D7C5F2B-93A4-4E61-B287-1C5F9D4A6E73}.Release|x86.Build.0 = Release|Any CPU
		{C2A5D8E3-7F84-4B92-9D16-3E5A8C9B2D14}.Debug|x64.ActiveCfg = Debug|x64
		{C2A5D8E3-7F84-4B92-9D16-3E5A8C9B2D14}.Debug|x64.Build.0 = Debug|x64
		{C2A5D8E3-7F84-4B92-9D16-3E5A8C9B2D14}.Debug|Any CPU.ActiveCfg = Debug|Any CPU
		{C2A5D8E3-7F84-4B92-9D16-3E5A8C9B2D14}.Debug|Any CPU.Build.0 = Debug|Any CPU
		{C2A5D8E3-7F84-4B92-9D16-3E5A8C9B2D14}.Debug|x86.ActiveCfg = Debug|Any CPU
		{C2A5D8E3-7F84-4B92-9D16-3E5A8C9B2D14}.Debug|x86.Build.0 = Debug|Any CPU
		{C2A5D8E3-7F84-4B92-9D16-3E5A8C9B2D14}.Release|x64.ActiveCfg = Release|x64
		{C2A5D8E3-7F84-4B92-9D16-3E5A8C9B2D14}.Release|x64.Build.0 = Release|x64
		{C2A5D8E3-7F84-4B92-9D16-3E5A8C9B2D14}.Release|Any CPU.ActiveCfg = Release|Any CPU
		{C2A5D8E3-7F84-4B92-9D16-3E5A8C9B2D14}.Release|Any CPU.Build.0 = Release|Any CPU
		{C2A5D8E3-7F84-4B92-9D16-3E5A8C9B2D14}.Release|x86.ActiveCfg = Release|Any CPU
		{C2A5D8E3-7F84-4B92-9D16-3E5A8C9B2D14}.Release|x86.Build.0 = Release|Any CPU
		{D3B6F9A4-8C25-4F73-A04E-2F1D9B5E7C83}.Debug|x64.ActiveCfg = Debug|x64
		{D3B6F9A4-8C25-4F73-A04E-2F1D9B5E7C83}.Debug|x64.Build.0 = Debug|x64
		{D3B6F9A4-8C25-4F73-A04E-2F1D9B5E7C83}.Debug|Any CPU.ActiveCfg = Debug|Any CPU
		{D3B6F9A4-8C25-4F73-A04E-2F1D9B5E7C83}.Debug|Any CPU.Build.0 = Debug|Any CPU
		{D3B6F9A4-8C25-4F73-A04E-2F1D9B5E7C83}.Debug|x86.ActiveCfg = Debug|Any CPU
		{D3B6F9A4-8C25-4F73-A04E-2F1D9B5E7C83}.Debug|x86.Build.0 = Debug|Any CPU
		{D3B6F9A4-8C25-4F73-A04E-2F1D9B5E7C83}.Release|x64.ActiveCfg = Release|x64
		{D3B6F9A4-8C25-4F73-A04E-2F1D9B5E7C83}.Release|x64.Build.0 = Release|x64
		{D3B6F9A4-8C25-4F73-A04E-2F1D9B5E7C83}.Release|Any CPU.ActiveCfg = Release|Any CPU
		{D3B6F9A4-8C25-4F73-A04E-2F1D9B5E7C83}.Release|Any CPU.Build.0 = Release|Any CPU
		{D3B6F9A4-8C25-4F73-A04E-2F1D9B5E7C83}.Release|x86.ActiveCfg = Release|Any CPU
		{D3B6F9A4-8C25-4F73-A04E-2F1D9B5E7C83}.Release|x86.Build.0 = Release|Any CPU
		{3B95ABF0-51BB-468F-99AB-B22F6E2371EC}.Debug|x64.ActiveCfg = Debug|x64
		{3B95ABF0-51BB-468F-99AB-B22F6E2371EC}.Debug|Any CPU.ActiveCfg = Debug|x64
		{3B95ABF0-51BB-468F-99AB-B22F6E2371EC}.Debug|Any CPU.Build.0 = Debug|x64
		{3B95ABF0-51BB-468F-99AB-B22F6E2371EC}.Debug|x86.ActiveCfg = Debug|Win32
		{3B95ABF0-51BB-468F-99AB-B22F6E2371EC}.Debug|x86.Build.0 = Debug|Win32
		{3B95ABF0-51BB-468F-99AB-B22F6E2371EC}.Release|x64.ActiveCfg = Release|x64
		{3B95ABF0-51BB-468F-99AB-B22F6E2371EC}.Release|Any CPU.ActiveCfg = Release|x64
		{3B95ABF0-51BB-468F-99AB-B22F6E2371EC}.Release|Any CPU.Build.0 = Release|x64
		{3B95ABF0-51BB-468F-99AB-B22F6E2371EC}.Release|x86.ActiveCfg = Release|Win32
		{3B95ABF0-51BB-468F-99AB-B22F6E2371EC}.Release|x86.Build.0 = Release|Win32
		{B80FBEAB-3267-44BD-97C5-2D8E2FC395DE}.Debug|x64.ActiveCfg = Debug|x64
		{B80FBEAB-3267-44BD-97C5-2D8E2FC395DE}.Debug|Any CPU.ActiveCfg = Debug|x64
		{B80FBEAB-3267-44BD-97C5-2D8E2FC395DE}.Debug|Any CPU.Build.0 = Debug|x64
		{B80FBEAB-3267-44BD-97C5-2D8E2FC395DE}.Debug|x86.ActiveCfg = Debug|Win32
		{B80FBEAB-3267-44BD-97C5-2D8E2FC395DE}.Debug|x86.Build.0 = Debug|Win32
		{B80FBEAB-3267-44BD-97C5-2D8E2FC395DE}.Release|x64.ActiveCfg = Release|x64
		{B80FBEAB-3267-44BD-97C5-2D8E2FC395DE}.Release|Any CPU.ActiveCfg = Release|x64
		{B80FBEAB-3267-44BD-97C5-2D8E2FC395DE}.Release|Any CPU.Build.0 = Release|x64
		{B80FBEAB-3267-44BD-97C5-2D8E2FC395DE}.Release|x86.ActiveCfg = Release|Win32
		{B80FBEAB-3267-44BD-97C5-2D8E2FC395DE}.Release|x86.Build.0 = Release|Win32
		{15461F4E-7AD5-4D5F-B171-869CA4F8FE67}.Debug|x64.ActiveCfg = Debug|x64
		{15461F4E-7AD5-4D5F-B171-869CA4F8FE67}.Debug|Any CPU.ActiveCfg = Debug|x64
		{15461F4E-7AD5-4D5F-B171-869CA4F8FE67}.Debug|Any CPU.Build.0 = Debug|x64
		{15461F4E-7AD5-4D5F-B171-869CA4F8FE67}.Debug|x86.ActiveCfg = Debug|Win32
		{15461F4E-7AD5-4D5F-B171-869CA4F8FE67}.Debug|x86.Build.0 = Debug|Win32
		{15461F4E-7AD5-4D5F-B171-869CA4F8FE67}.Release|x64.ActiveCfg = Release|x64
		{15461F4E-7AD5-4D5F-B171-869CA4F8FE67}.Release|Any CPU.ActiveCfg = Release|x64
		{15461F4E-7AD5-4D5F-B171-869CA4F8FE67}.Release|Any CPU.Build.0 = Release|x64
		{15461F4E-7AD5-4D5F-B171-869CA4F8FE67}.Release|x86.ActiveCfg = Release|Win32
		{15461F4E-7AD5-4D5F-B171-869CA4F8FE67}.Release|x86.Build.0 = Release|Win32
		{577E520D-5BA2-4DF5-9365-B8A5E5483E79}.Debug|x64.ActiveCfg = Debug|x64
		{577E520D-5BA2-4DF5-9365-B8A5E5483E79}.Debug|Any CPU.ActiveCfg = Debug|x64
		{577E520D-5BA2-4DF5-9365-B8A5E5483E79}.Debug|Any CPU.Build.0 = Debug|x64
		{577E520D-5BA2-4DF5-9365-B8A5E5483E79}.Debug|x86.ActiveCfg = Debug|Win32
		{577E520D-5BA2-4DF5-9365-B8A5E5483E79}.Debug|x86.Build.0 = Debug|Win32
		{577E520D-5BA2-4DF5-9365-B8A5E5483E79}.Release|x64.ActiveCfg = Release|x64
		{577E520D-5BA2-4DF5-9365-B8A5E5483E79}.Release|Any CPU.ActiveCfg = Release|x64
		{577E520D-5BA2-4DF5-9365-B8A5E5483E79}.Release|Any CPU.Build.0 = Release|x64
		{577E520D-5BA2-4DF5-9365-B8A5E5483E79}.Release|x86.ActiveCfg = Release|Win32
		{577E520D-5BA2-4DF5-9365-B8A5E5483E79}.Release|x86.Build.0 = Release|Win32
		{58108755-3C67-4DA4-9A0F-B6F076A4F714}.Debug|x64.ActiveCfg = Debug|x64
		{58108755-3C67-4DA4-9A0F-B6F076A4F714}.Debug|Any CPU.ActiveCfg = Debug|x64
		{58108755-3C67-4DA4-9A0F-B6F076A4F714}.Debug|Any CPU.Build.0 = Debug|x64
		{58108755-3C67-4DA4-9A0F-B6F076A4F714}.Debug|x86.ActiveCfg = Debug|Win32
		{58108755-3C67-4DA4-9A0F-B6F076A4F714}.Debug|x86.Build.0 = Debug|Win32
		{58108755-3C67-4DA4-9A0F-B6F076A4F714}.Release|x64.ActiveCfg = Release|x64
		{58108755-3C67-4DA4-9A0F-B6F076A4F714}.Release|Any CPU.ActiveCfg = Release|x64
		{58108755-3C67-4DA4-9A0F-B6F076A4F714}.Release|Any CPU.Build.0 = Release|x64
		{58108755-3C67-4DA4-9A0F-B6F076A4F714}.Release|x86.ActiveCfg = Release|Win32
		{58108755-3C67-4DA4-9A0F-B6F076A4F714}.Release|x86.Build.0 = Release|Win32
		{0FC70B79-74DE-422B-99E1-43C8684E700C}.Debug|x64.ActiveCfg = Debug|x64
		{0FC70B79-74DE-422B-99E1-43C8684E700C}.Debug|Any CPU.ActiveCfg = Debug|x64
		{0FC70B79-74DE-422B-99E1-43C8684E700C}.Debug|Any CPU.Build.0 = Debug|x64
		{0FC70B79-74DE-422B-99E1-43C8684E700C}.Debug|x86.ActiveCfg = Debug|Win32
		{0FC70B79-74DE-422B-99E1-43C8684E700C}.Debug|x86.Build.0 = Debug|Win32
		{0FC70B79-74DE-422B-99E1-43C8684E700C}.Release|x64.ActiveCfg = Release|x64
		{0FC70B79-74DE-422B-99E1-43C8684E700C}.Release|Any CPU.ActiveCfg = Release|x64
		{0FC70B79-74DE-422B-99E1-43C8684E700C}.Release|Any CPU.Build.0 = Release|x64
		{0FC70B79-74DE-422B-99E1-43C8684E700C}.Release|x86.ActiveCfg = Release|Win32
		{0FC70B79-74DE-422B-99E1-43C8684E700C}.Release|x86.Build.0 = Release|Win32
		{352F94DD-9680-42C8-B4CB-F9577F1FF13B}.Debug|x64.ActiveCfg = Debug|x64
		{352F94DD-9680-42C8-B4CB-F9577F1FF13B}.Debug|Any CPU.ActiveCfg = Debug|x64
		{352F94DD-9680-42C8-B4CB-F9577F1FF13B}.Debug|Any CPU.Build.0 = Debug|x64
		{352F94DD-9680-42C8-B4CB-F9577F1FF13B}.Debug|x86.ActiveCfg = Debug|Win32
		{352F94DD-9680-42C8-B4CB-F9577F1FF13B}.Debug|x86.Build.0 = Debug|Win32
		{352F94DD-9680-42C8-B4CB-F9577F1FF13B}.Release|x64.ActiveCfg = Release|x64
		{352F94DD-9680-42C8-B4CB-F9577F1FF13B}.Release|Any CPU.ActiveCfg = Release|x64
		{352F94DD-9680-42C8-B4CB-F9577F1FF13B}.Release|Any CPU.Build.0 = Release|x64
		{352F94DD-9680-42C8-B4CB-F9577F1FF13B}.Release|x86.ActiveCfg = Release|Win32
		{352F94DD-9680-42C8-B4CB-F9577F1FF13B}.Release|x86.Build.0 = Release|Win32
		{FB83C9D0-EB83-70C1-D7CE-6DD1B32F3F51}.Debug|x64.ActiveCfg = Debug|x64
		{FB83C9D0-EB83-70C1-D7CE-6DD1B32F3F51}.Debug|Any CPU.ActiveCfg = Debug|x64
		{FB83C9D0-EB83-70C1-D7CE-6DD1B32F3F51}.Debug|Any CPU.Build.0 = Debug|x64
		{FB83C9D0-EB83-70C1-D7CE-6DD1B32F3F51}.Debug|x86.ActiveCfg = Debug|Win32
		{FB83C9D0-EB83-70C1-D7CE-6DD1B32F3F51}.Debug|x86.Build.0 = Debug|Win32
		{FB83C9D0-EB83-70C1-D7CE-6DD1B32F3F51}.Release|x64.ActiveCfg = Release|x64
		{FB83C9D0-EB83-70C1-D7CE-6DD1B32F3F51}.Release|Any CPU.ActiveCfg = Release|x64
		{FB83C9D0-EB83-70C1-D7CE-6DD1B32F3F51}.Release|Any CPU.Build.0 = Release|x64
		{FB83C9D0-EB83-70C1-D7CE-6DD1B32F3F51}.Release|x86.ActiveCfg = Release|Win32
		{FB83C9D0-EB83-70C1-D7CE-6DD1B32F3F51}.Release|x86.Build.0 = Release|Win32
		{A1C2E3F4-5B6D-4789-A0B1-C2D3E4F5A6B7}.Debug|x64.ActiveCfg = Debug|x64
		{A1C2E3F4-5B6D-4789-A0B1-C2D3E4F5A6B7}.Debug|x64.Build.0 = Debug|x64
		{A1C2E3F4-5B6D-4789-A0B1-C2D3E4F5A6B7}.Debug|Any CPU.ActiveCfg = Debug|Any CPU
		{A1C2E3F4-5B6D-4789-A0B1-C2D3E4F5A6B7}.Debug|Any CPU.Build.0 = Debug|Any CPU
		{A1C2E3F4-5B6D-4789-A0B1-C2D3E4F5A6B7}.Debug|x86.ActiveCfg = Debug|Any CPU
		{A1C2E3F4-5B6D-4789-A0B1-C2D3E4F5A6B7}.Debug|x86.Build.0 = Debug|Any CPU
		{A1C2E3F4-5B6D-4789-A0B1-C2D3E4F5A6B7}.Release|x64.ActiveCfg = Release|x64
		{A1C2E3F4-5B6D-4789-A0B1-C2D3E4F5A6B7}.Release|x64.Build.0 = Release|x64
		{A1C2E3F4-5B6D-4789-A0B1-C2D3E4F5A6B7}.Release|Any CPU.ActiveCfg = Release|Any CPU
		{A1C2E3F4-5B6D-4789-A0B1-C2D3E4F5A6B7}.Release|Any CPU.Build.0 = Release|Any CPU
		{A1C2E3F4-5B6D-4789-A0B1-C2D3E4F5A6B7}.Release|x86.ActiveCfg = Release|Any CPU
		{A1C2E3F4-5B6D-4789-A0B1-C2D3E4F5A6B7}.Release|x86.Build.0 = Release|Any CPU
		{B2D3F4A5-6C7E-4890-B1C2-D3E4F5A6B7C8}.Debug|x64.ActiveCfg = Debug|x64
		{B2D3F4A5-6C7E-4890-B1C2-D3E4F5A6B7C8}.Debug|x64.Build.0 = Debug|x64
		{B2D3F4A5-6C7E-4890-B1C2-D3E4F5A6B7C8}.Debug|Any CPU.ActiveCfg = Debug|x64
		{B2D3F4A5-6C7E-4890-B1C2-D3E4F5A6B7C8}.Debug|Any CPU.Build.0 = Debug|x64
		{B2D3F4A5-6C7E-4890-B1C2-D3E4F5A6B7C8}.Debug|x86.ActiveCfg = Debug|x64
		{B2D3F4A5-6C7E-4890-B1C2-D3E4F5A6B7C8}.Debug|x86.Build.0 = Debug|x64
		{B2D3F4A5-6C7E-4890-B1C2-D3E4F5A6B7C8}.Release|x64.ActiveCfg = Release|x64
		{B2D3F4A5-6C7E-4890-B1C2-D3E4F5A6B7C8}.Release|x64.Build.0 = Release|x64
		{B2D3F4A5-6C7E-4890-B1C2-D3E4F5A6B7C8}.Release|Any CPU.ActiveCfg = Release|x64
		{B2D3F4A5-6C7E-4890-B1C2-D3E4F5A6B7C8}.Release|Any CPU.Build.0 = Release|x64
		{B2D3F4A5-6C7E-4890-B1C2-D3E4F5A6B7C8}.Release|x86.ActiveCfg = Release|x64
		{B2D3F4A5-6C7E-4890-B1C2-D3E4F5A6B7C8}.Release|x86.Build.0 = Release|x64
		{0B034959-C5DD-450D-BB83-E4655818EBD1}.Debug|x64.ActiveCfg = Debug|x64
		{0B034959-C5DD-450D-BB83-E4655818EBD1}.Debug|x64.Build.0 = Debug|x64
		{0B034959-C5DD-450D-BB83-E4655818EBD1}.Debug|Any CPU.ActiveCfg = Debug|Any CPU
		{0B034959-C5DD-450D-BB83-E4655818EBD1}.Debug|Any CPU.Build.0 = Debug|Any CPU
		{0B034959-C5DD-450D-BB83-E4655818EBD1}.Debug|x86.ActiveCfg = Debug|Any CPU
		{0B034959-C5DD-450D-BB83-E4655818EBD1}.Debug|x86.Build.0 = Debug|Any CPU
		{0B034959-C5DD-450D-BB83-E4655818EBD1}.Release|x64.ActiveCfg = Release|x64
		{0B034959-C5DD-450D-BB83-E4655818EBD1}.Release|x64.Build.0 = Release|x64
		{0B034959-C5DD-450D-BB83-E4655818EBD1}.Release|Any CPU.ActiveCfg = Release|Any CPU
		{0B034959-C5DD-450D-BB83-E4655818EBD1}.Release|Any CPU.Build.0 = Release|Any CPU
		{0B034959-C5DD-450D-BB83-E4655818EBD1}.Release|x86.ActiveCfg = Release|Any CPU
		{0B034959-C5DD-450D-BB83-E4655818EBD1}.Release|x86.Build.0 = Release|Any CPU
		{193516D4-13DA-4638-8084-7E1CC5EAF89D}.Debug|x64.ActiveCfg = Debug|x64
		{193516D4-13DA-4638-8084-7E1CC5EAF89D}.Debug|x64.Build.0 = Debug|x64
		{193516D4-13DA-4638-8084-7E1CC5EAF89D}.Debug|Any CPU.ActiveCfg = Debug|x64
		{193516D4-13DA-4638-8084-7E1CC5EAF89D}.Debug|Any CPU.Build.0 = Debug|x64
		{193516D4-13DA-4638-8084-7E1CC5EAF89D}.Debug|x86.ActiveCfg = Debug|x64
		{193516D4-13DA-4638-8084-7E1CC5EAF89D}.Debug|x86.Build.0 = Debug|x64
		{193516D4-13DA-4638-8084-7E1CC5EAF89D}.Release|x64.ActiveCfg = Release|x64
		{193516D4-13DA-4638-8084-7E1CC5EAF89D}.Release|x64.Build.0 = Release|x64
		{193516D4-13DA-4638-8084-7E1CC5EAF89D}.Release|Any CPU.ActiveCfg = Release|x64
		{193516D4-13DA-4638-8084-7E1CC5EAF89D}.Release|Any CPU.Build.0 = Release|x64
		{193516D4-13DA-4638-8084-7E1CC5EAF89D}.Release|x86.ActiveCfg = Release|x64
		{193516D4-13DA-4638-8084-7E1CC5EAF89D}.Release|x86.Build.0 = Release|x64
	EndGlobalSection
	GlobalSection(SolutionProperties) = preSolution
		HideSolutionNode = FALSE
	EndGlobalSection
	GlobalSection(NestedProjects) = preSolution
		{3B95ABF0-51BB-468F-99AB-B22F6E2371EC} = {B0E0C501-00B0-4F1C-A0E0-7A1FBFCE0FED}
		{B80FBEAB-3267-44BD-97C5-2D8E2FC395DE} = {B0E0C501-00B0-4F1C-A0E0-7A1FBFCE0FED}
		{15461F4E-7AD5-4D5F-B171-869CA4F8FE67} = {B0E0C501-00B0-4F1C-A0E0-7A1FBFCE0FED}
		{577E520D-5BA2-4DF5-9365-B8A5E5483E79} = {B0E0C501-00B0-4F1C-A0E0-7A1FBFCE0FED}
		{58108755-3C67-4DA4-9A0F-B6F076A4F714} = {B0E0C501-00B0-4F1C-A0E0-7A1FBFCE0FED}
		{0FC70B79-74DE-422B-99E1-43C8684E700C} = {B0E0C501-00B0-4F1C-A0E0-7A1FBFCE0FED}
		{352F94DD-9680-42C8-B4CB-F9577F1FF13B} = {B0E0C501-00B0-4F1C-A0E0-7A1FBFCE0FED}
		{FB83C9D0-EB83-70C1-D7CE-6DD1B32F3F51} = {B0E0C501-00B0-4F1C-A0E0-7A1FBFCE0FED}
	EndGlobalSection
EndGlobal
