Microsoft Visual Studio Solution File, Format Version 12.00
# Visual Studio Version 18
VisualStudioVersion = 18.5.11716.220 stable
MinimumVisualStudioVersion = 10.0.40219.1
Project("{FAE04EC0-301F-11D3-BF4B-00C04F79EFBC}") = "Astronomy.Core", "Astronomy.Core\Astronomy.Core.csproj", "{B7F2A9D4-3C18-4E5F-9A2B-6D8F1C3E7A52}"
EndProject
Project("{FAE04EC0-301F-11D3-BF4B-00C04F79EFBC}") = "Astronomy.Core.Tests", "Astronomy.Core.Tests\Astronomy.Core.Tests.csproj", "{5C26A244-9F4F-4836-BECC-B591469E3190}"
EndProject
Project("{8BC9CEB8-8B4A-11D0-8D11-00A0C91BC942}") = "Astronomy.PCL.Native", "Astronomy.PCL.Native\Astronomy.PCL.Native.vcxproj", "{D29B5C8F-3A92-4E7B-A8F3-1B2C9D4E5F60}"
EndProject
Project("{FAE04EC0-301F-11D3-BF4B-00C04F79EFBC}") = "Astronomy.PCL", "Astronomy.PCL\Astronomy.PCL.csproj", "{E1F0A847-9D31-4F26-B5C7-8E2D6A3F1B04}"
EndProject
Project("{2150E333-8FDC-42A3-9474-1A3956D46DE8}") = "PCL", "PCL", "{B0E0C501-00B0-4F1C-A0E0-7A1FBFCE0FED}"
EndProject
Project("{8BC9CEB8-8B4A-11D0-8D11-00A0C91BC942}") = "PCL", "PCL\src\pcl\windows\vc18\PCL.vcxproj", "{3B95ABF0-51BB-468F-99AB-B22F6E2371EC}"
EndProject
Project("{8BC9CEB8-8B4A-11D0-8D11-00A0C91BC942}") = "cminpack", "PCL\src\3rdparty\cminpack\windows\vc17\cminpack.vcxproj", "{B80FBEAB-3267-44BD-97C5-2D8E2FC395DE}"
EndProject
Project("{8BC9CEB8-8B4A-11D0-8D11-00A0C91BC942}") = "lcms", "PCL\src\3rdparty\lcms\windows\vc17\lcms.vcxproj", "{15461F4E-7AD5-4D5F-B171-869CA4F8FE67}"
EndProject
Project("{8BC9CEB8-8B4A-11D0-8D11-00A0C91BC942}") = "lz4", "PCL\src\3rdparty\lz4\windows\vc17\lz4.vcxproj", "{577E520D-5BA2-4DF5-9365-B8A5E5483E79}"
EndProject
Project("{8BC9CEB8-8B4A-11D0-8D11-00A0C91BC942}") = "RFC6234", "PCL\src\3rdparty\RFC6234\windows\vc17\RFC6234.vcxproj", "{58108755-3C67-4DA4-9A0F-B6F076A4F714}"
EndProject
Project("{8BC9CEB8-8B4A-11D0-8D11-00A0C91BC942}") = "zlib", "PCL\src\3rdparty\zlib\windows\vc17\zlib.vcxproj", "{0FC70B79-74DE-422B-99E1-43C8684E700C}"
EndProject
Project("{8BC9CEB8-8B4A-11D0-8D11-00A0C91BC942}") = "zstd", "PCL\src\3rdparty\zstd\windows\vc17\zstd.vcxproj", "{352F94DD-9680-42C8-B4CB-F9577F1FF13B}"
EndProject
Global
	GlobalSection(SolutionConfigurationPlatforms) = preSolution
		Debug|x64 = Debug|x64
		Release|x64 = Release|x64
	EndGlobalSection
	GlobalSection(ProjectConfigurationPlatforms) = postSolution
		{B7F2A9D4-3C18-4E5F-9A2B-6D8F1C3E7A52}.Debug|x64.ActiveCfg = Debug|x64
		{B7F2A9D4-3C18-4E5F-9A2B-6D8F1C3E7A52}.Debug|x64.Build.0 = Debug|x64
		{B7F2A9D4-3C18-4E5F-9A2B-6D8F1C3E7A52}.Release|x64.ActiveCfg = Release|x64
		{B7F2A9D4-3C18-4E5F-9A2B-6D8F1C3E7A52}.Release|x64.Build.0 = Release|x64
		{5C26A244-9F4F-4836-BECC-B591469E3190}.Debug|x64.ActiveCfg = Debug|x64
		{5C26A244-9F4F-4836-BECC-B591469E3190}.Debug|x64.Build.0 = Debug|x64
		{5C26A244-9F4F-4836-BECC-B591469E3190}.Release|x64.ActiveCfg = Release|x64
		{5C26A244-9F4F-4836-BECC-B591469E3190}.Release|x64.Build.0 = Release|x64
		{D29B5C8F-3A92-4E7B-A8F3-1B2C9D4E5F60}.Debug|x64.ActiveCfg = Debug|x64
		{D29B5C8F-3A92-4E7B-A8F3-1B2C9D4E5F60}.Debug|x64.Build.0 = Debug|x64
		{D29B5C8F-3A92-4E7B-A8F3-1B2C9D4E5F60}.Release|x64.ActiveCfg = Release|x64
		{D29B5C8F-3A92-4E7B-A8F3-1B2C9D4E5F60}.Release|x64.Build.0 = Release|x64
		{E1F0A847-9D31-4F26-B5C7-8E2D6A3F1B04}.Debug|x64.ActiveCfg = Debug|x64
		{E1F0A847-9D31-4F26-B5C7-8E2D6A3F1B04}.Debug|x64.Build.0 = Debug|x64
		{E1F0A847-9D31-4F26-B5C7-8E2D6A3F1B04}.Release|x64.ActiveCfg = Release|x64
		{E1F0A847-9D31-4F26-B5C7-8E2D6A3F1B04}.Release|x64.Build.0 = Release|x64
		{3B95ABF0-51BB-468F-99AB-B22F6E2371EC}.Debug|x64.ActiveCfg = Debug|x64
		{3B95ABF0-51BB-468F-99AB-B22F6E2371EC}.Release|x64.ActiveCfg = Release|x64
		{B80FBEAB-3267-44BD-97C5-2D8E2FC395DE}.Debug|x64.ActiveCfg = Debug|x64
		{B80FBEAB-3267-44BD-97C5-2D8E2FC395DE}.Release|x64.ActiveCfg = Release|x64
		{15461F4E-7AD5-4D5F-B171-869CA4F8FE67}.Debug|x64.ActiveCfg = Debug|x64
		{15461F4E-7AD5-4D5F-B171-869CA4F8FE67}.Release|x64.ActiveCfg = Release|x64
		{577E520D-5BA2-4DF5-9365-B8A5E5483E79}.Debug|x64.ActiveCfg = Debug|x64
		{577E520D-5BA2-4DF5-9365-B8A5E5483E79}.Release|x64.ActiveCfg = Release|x64
		{58108755-3C67-4DA4-9A0F-B6F076A4F714}.Debug|x64.ActiveCfg = Debug|x64
		{58108755-3C67-4DA4-9A0F-B6F076A4F714}.Release|x64.ActiveCfg = Release|x64
		{0FC70B79-74DE-422B-99E1-43C8684E700C}.Debug|x64.ActiveCfg = Debug|x64
		{0FC70B79-74DE-422B-99E1-43C8684E700C}.Release|x64.ActiveCfg = Release|x64
		{352F94DD-9680-42C8-B4CB-F9577F1FF13B}.Debug|x64.ActiveCfg = Debug|x64
		{352F94DD-9680-42C8-B4CB-F9577F1FF13B}.Release|x64.ActiveCfg = Release|x64
	EndGlobalSection
	GlobalSection(SolutionProperties) = preSolution
		HideSolutionNode = FALSE
	EndGlobalSection
	GlobalSection(NestedProjects) = preSolution
		{3B95ABF0-51BB-468F-99AB-B22F6E2371EC} = {B0E0C501-00B0-4F1C-A0E0-7A1FBFCE0FED}
		{B80FBEAB-3267-44BD-97C5-2D8E2FC395DE} = {B0E0C501-00B0-4F1C-A0E0-7A1FBFCE0FED}
		{15461F4E-7AD5-4D5F-B171-869CA4F8FE67} = {B0E0C501-00B0-4F1C-A0E0-7A1FBFCE0FED}
		{577E520D-5BA2-4DF5-9365-B8A5E5483E79} = {B0E0C501-00B0-4F1C-A0E0-7A1FBFCE0FED}
		{58108755-3C67-4DA4-9A0F-B6F076A4F714} = {B0E0C501-00B0-4F1C-A0E0-7A1FBFCE0FED}
		{0FC70B79-74DE-422B-99E1-43C8684E700C} = {B0E0C501-00B0-4F1C-A0E0-7A1FBFCE0FED}
		{352F94DD-9680-42C8-B4CB-F9577F1FF13B} = {B0E0C501-00B0-4F1C-A0E0-7A1FBFCE0FED}
	EndGlobalSection
EndGlobal
